
Microsoft Visual Studio Solution File, Format Version 12.00
# Visual Studio Version 17
VisualStudioVersion = 17.14.36301.6 d17.14
MinimumVisualStudioVersion = 10.0.40219.1
Project("{FAE04EC0-301F-11D3-BF4B-00C04F79EFBC}") = "SalesWebMvc", "SalesWebMvc\SalesWebMvc.csproj", "{CD8C5AE9-7707-4EAD-A90E-6745165DCFE8}"
EndProject
Global
	GlobalSection(SolutionConfigurationPlatforms) = preSolution
		Debug|Any CPU = Debug|Any CPU
		Release|Any CPU = Release|Any CPU
	EndGlobalSection
	GlobalSection(ProjectConfigurationPlatforms) = postSolution
		{CD8C5AE9-7707-4EAD-A90E-6745165DCFE8}.Debug|Any CPU.ActiveCfg = Debug|Any CPU
		{CD8C5AE9-7707-4EAD-A90E-6745165DCFE8}.Debug|Any CPU.Build.0 = Debug|Any CPU
		{CD8C5AE9-7707-4EAD-A90E-6745165DCFE8}.Release|Any CPU.ActiveCfg = Release|Any CPU
		{CD8C5AE9-7707-4EAD-A90E-6745165DCFE8}.Release|Any CPU.Build.0 = Release|Any CPU
	EndGlobalSection
	GlobalSection(SolutionProperties) = preSolution
		HideSolutionNode = FALSE
	EndGlobalSection
	GlobalSection(ExtensibilityGlobals) = postSolution
		SolutionGuid = {DB2E7C2E-B789-4F57-9EC3-0960362D85B8}
	EndGlobalSection
EndGlobal
